
Microsoft Visual Studio Solution File, Format Version 12.00
Project("{FAE04EC0-301F-11D3-BF4B-00C04F79EFBC}") = "RestaurantMenu", "RestaurantMenu\RestaurantMenu.csproj", "{08865CAA-0136-4EDB-ADF1-08C2A57E97AF}"
EndProject
Project("{FAE04EC0-301F-11D3-BF4B-00C04F79EFBC}") = "RestaurantMenu.Models", "RestaurantMenu.Models\RestaurantMenu.Models.csproj", "{1EE11ABD-86EC-4FCD-9E29-DA67E2629EDE}"
EndProject
Global
	GlobalSection(SolutionConfigurationPlatforms) = preSolution
		Debug|Any CPU = Debug|Any CPU
		Release|Any CPU = Release|Any CPU
	EndGlobalSection
	GlobalSection(ProjectConfigurationPlatforms) = postSolution
		{08865CAA-0136-4EDB-ADF1-08C2A57E97AF}.Debug|Any CPU.ActiveCfg = Debug|Any CPU
		{08865CAA-0136-4EDB-ADF1-08C2A57E97AF}.Debug|Any CPU.Build.0 = Debug|Any CPU
		{08865CAA-0136-4EDB-ADF1-08C2A57E97AF}.Release|Any CPU.ActiveCfg = Release|Any CPU
		{08865CAA-0136-4EDB-ADF1-08C2A57E97AF}.Release|Any CPU.Build.0 = Release|Any CPU
		{1EE11ABD-86EC-4FCD-9E29-DA67E2629EDE}.Debug|Any CPU.ActiveCfg = Debug|Any CPU
		{1EE11ABD-86EC-4FCD-9E29-DA67E2629EDE}.Debug|Any CPU.Build.0 = Debug|Any CPU
		{1EE11ABD-86EC-4FCD-9E29-DA67E2629EDE}.Release|Any CPU.ActiveCfg = Release|Any CPU
		{1EE11ABD-86EC-4FCD-9E29-DA67E2629EDE}.Release|Any CPU.Build.0 = Release|Any CPU
	EndGlobalSection
EndGlobal
